version = 1
revision = 3
requires-python = ">=3.14"

[[package]]
name = "annabelle"
version = "0.1.0"
source = { editable = "." }
dependencies = [
    { name = "defusedxml" },
    { name = "mawo-pymorphy3" },
]

[package.metadata]
requires-dist = [
    { name = "defusedxml", specifier = ">=0.7.1" },
    { name = "mawo-pymorphy3", specifier = ">=1.0.4" },
]

[[package]]
name = "colorama"
version = "0.4.6"
source = { registry = "https://pypi.org/simple" }
sdist = { url = "https://files.pythonhosted.org/packages/d8/53/6f443c9a4a8358a93a6792e2acffb9d9d5cb0a5cfd8802644b7b1c9a02e4/colorama-0.4.6.tar.gz", hash = "sha256:08695f5cb7ed6e0531a20572697297273c47b8cae5a63ffc6d6ed5c201be6e44", size = 27697, upload-time = "2022-10-25T02:36:22.414Z" }
wheels = [
    { url = "https://files.pythonhosted.org/packages/d1/d6/3965ed04c63042e047cb6a3e6ed1a63a35087b6a609aa3a15ed8ac56c221/colorama-0.4.6-py2.py3-none-any.whl", hash = "sha256:4f1d9991f5acc0ca119f9d443620b77f9d6b33703e51011c16baf57afb285fc6", size = 25335, upload-time = "2022-10-25T02:36:20.889Z" },
]

[[package]]
name = "dawg-python"
version = "0.7.2"
source = { registry = "https://pypi.org/simple" }
sdist = { url = "https://files.pythonhosted.org/packages/b8/33/fd52c8ec329641a7730fad662ba3f29f98c45e4bea552cceee569b00c915/DAWG-Python-0.7.2.tar.gz", hash = "sha256:4a5e3286e6261cca02f205cfd5516a7ab10190fa30c51c28d345808f595e3421", size = 9007, upload-time = "2015-04-18T16:59:55.184Z" }
wheels = [
    { url = "https://files.pythonhosted.org/packages/6a/84/ff1ce2071d4c650ec85745766c0047ccc3b5036f1d03559fd46bb38b5eeb/DAWG_Python-0.7.2-py2.py3-none-any.whl", hash = "sha256:4941d5df081b8d6fcb4597e073a9f60d5c1ccc9d17cd733e8744d7ecfec94ef3", size = 11711, upload-time = "2015-04-18T17:00:08.938Z" },
]

[[package]]
name = "defusedxml"
version = "0.7.1"
source = { registry = "https://pypi.org/simple" }
sdist = { url = "https://files.pythonhosted.org/packages/0f/d5/c66da9b79e5bdb124974bfe172b4daf3c984ebd9c2a06e2b8a4dc7331c72/defusedxml-0.7.1.tar.gz", hash = "sha256:1bb3032db185915b62d7c6209c5a8792be6a32ab2fedacc84e01b52c51aa3e69", size = 75520, upload-time = "2021-03-08T10:59:26.269Z" }
wheels = [
    { url = "https://files.pythonhosted.org/packages/07/6c/aa3f2f849e01cb6a001cd8554a88d4c77c5c1a31c95bdf1cf9301e6d9ef4/defusedxml-0.7.1-py2.py3-none-any.whl", hash = "sha256:a352e7e428770286cc899e2542b6cdaedb2b4953ff269a210103ec58f6198a61", size = 25604, upload-time = "2021-03-08T10:59:24.45Z" },
]

[[package]]
name = "mawo-pymorphy3"
version = "1.0.4"
source = { registry = "https://pypi.org/simple" }
dependencies = [
    { name = "dawg-python" },
    { name = "tqdm" },
]
sdist = { url = "https://files.pythonhosted.org/packages/29/fb/edc8c5928295c0b79ae292b0d33a420c772b6d333ddf6ab642c95dbea75d/mawo_pymorphy3-1.0.4.tar.gz", hash = "sha256:6124bc7a7e4136f06b1f69def7d0d8cbecd4320b745a9a282de65846c7a8aa55", size = 6860435, upload-time = "2025-11-08T08:24:03.424Z" }
wheels = [
    { url = "https://files.pythonhosted.org/packages/b6/67/2fe70c95f248630d69e87f65e858fb0b769ba2092267bc217ed11d7043c2/mawo_pymorphy3-1.0.4-py3-none-any.whl", hash = "sha256:00dd18458b42959949424424a8c8d4c3782f0180ea8ea1468ea25ae419a574c5", size = 6910033, upload-time = "2025-11-08T08:24:01.445Z" },
]

[[package]]
name = "tqdm"
version = "4.67.1"
source = { registry = "https://pypi.org/simple" }
dependencies = [
    { name = "colorama", marker = "sys_platform == 'win32'" },
]
sdist = { url = "https://files.pythonhosted.org/packages/a8/4b/29b4ef32e036bb34e4ab51796dd745cdba7ed47ad142a9f4a1eb8e0c744d/tqdm-4.67.1.tar.gz", hash = "sha256:f8aef9c52c08c13a65f30ea34f4e5aac3fd1a34959879d7e59e63027286627f2", size = 169737, upload-time = "2024-11-24T20:12:22.481Z" }
wheels = [
    { url = "https://files.pythonhosted.org/packages/d0/30/dc54f88dd4a2b5dc8a0279bdd7270e735851848b762aeb1c1184ed1f6b14/tqdm-4.67.1-py3-none-any.whl", hash = "sha256:26445eca388f82e72884e0d580d5464cd801a3ea01e63e5601bdff9ba6a48de2", size = 78540, upload-time = "2024-11-24T20:12:19.698Z" },
]
